
Microsoft Visual Studio Solution File, Format Version 12.00
# Visual Studio Version 16
VisualStudioVersion = 16.0.31321.278
MinimumVisualStudioVersion = 10.0.40219.1
Project("{FAE04EC0-301F-11D3-BF4B-00C04F79EFBC}") = "WinUI", "WinUI\WinUI.csproj", "{9EAD7AF2-5D17-428E-B206-84D393C1009F}"
EndProject
Project("{FAE04EC0-301F-11D3-BF4B-00C04F79EFBC}") = "CarClassClassLibrary", "CarClassClassLibrary\CarClassClassLibrary.csproj", "{0845A067-6F1C-46A1-B686-56C4680386B1}"
EndProject
Global
	GlobalSection(SolutionConfigurationPlatforms) = preSolution
		Debug|Any CPU = Debug|Any CPU
		Release|Any CPU = Release|Any CPU
	EndGlobalSection
	GlobalSection(ProjectConfigurationPlatforms) = postSolution
		{9EAD7AF2-5D17-428E-B206-84D393C1009F}.Debug|Any CPU.ActiveCfg = Debug|Any CPU
		{9EAD7AF2-5D17-428E-B206-84D393C1009F}.Debug|Any CPU.Build.0 = Debug|Any CPU
		{9EAD7AF2-5D17-428E-B206-84D393C1009F}.Release|Any CPU.ActiveCfg = Release|Any CPU
		{9EAD7AF2-5D17-428E-B206-84D393C1009F}.Release|Any CPU.Build.0 = Release|Any CPU
		{0845A067-6F1C-46A1-B686-56C4680386B1}.Debug|Any CPU.ActiveCfg = Debug|Any CPU
		{0845A067-6F1C-46A1-B686-56C4680386B1}.Debug|Any CPU.Build.0 = Debug|Any CPU
		{0845A067-6F1C-46A1-B686-56C4680386B1}.Release|Any CPU.ActiveCfg = Release|Any CPU
		{0845A067-6F1C-46A1-B686-56C4680386B1}.Release|Any CPU.Build.0 = Release|Any CPU
	EndGlobalSection
	GlobalSection(SolutionProperties) = preSolution
		HideSolutionNode = FALSE
	EndGlobalSection
	GlobalSection(ExtensibilityGlobals) = postSolution
		SolutionGuid = {EE9502E1-92E5-4BB6-976F-7391B32ED3E0}
	EndGlobalSection
EndGlobal
