
Microsoft Visual Studio Solution File, Format Version 12.00
# Visual Studio Version 16
VisualStudioVersion = 16.0.31321.278
MinimumVisualStudioVersion = 10.0.40219.1
Project("{FAE04EC0-301F-11D3-BF4B-00C04F79EFBC}") = "WinUI", "WinUI\WinUI.csproj", "{F2474D1D-1A6D-4AD9-94E5-5DBF0CC6706F}"
EndProject
Project("{FAE04EC0-301F-11D3-BF4B-00C04F79EFBC}") = "PopulationDatabaseClassLibrary", "PopulationDatabaseClassLibrary\PopulationDatabaseClassLibrary.csproj", "{B4FC3471-F1DC-48BF-A989-EABD368CD92D}"
EndProject
Global
	GlobalSection(SolutionConfigurationPlatforms) = preSolution
		Debug|Any CPU = Debug|Any CPU
		Release|Any CPU = Release|Any CPU
	EndGlobalSection
	GlobalSection(ProjectConfigurationPlatforms) = postSolution
		{F2474D1D-1A6D-4AD9-94E5-5DBF0CC6706F}.Debug|Any CPU.ActiveCfg = Debug|Any CPU
		{F2474D1D-1A6D-4AD9-94E5-5DBF0CC6706F}.Debug|Any CPU.Build.0 = Debug|Any CPU
		{F2474D1D-1A6D-4AD9-94E5-5DBF0CC6706F}.Release|Any CPU.ActiveCfg = Release|Any CPU
		{F2474D1D-1A6D-4AD9-94E5-5DBF0CC6706F}.Release|Any CPU.Build.0 = Release|Any CPU
		{B4FC3471-F1DC-48BF-A989-EABD368CD92D}.Debug|Any CPU.ActiveCfg = Debug|Any CPU
		{B4FC3471-F1DC-48BF-A989-EABD368CD92D}.Debug|Any CPU.Build.0 = Debug|Any CPU
		{B4FC3471-F1DC-48BF-A989-EABD368CD92D}.Release|Any CPU.ActiveCfg = Release|Any CPU
		{B4FC3471-F1DC-48BF-A989-EABD368CD92D}.Release|Any CPU.Build.0 = Release|Any CPU
	EndGlobalSection
	GlobalSection(SolutionProperties) = preSolution
		HideSolutionNode = FALSE
	EndGlobalSection
	GlobalSection(ExtensibilityGlobals) = postSolution
		SolutionGuid = {3F7F298E-74A2-4836-B664-346A91D50772}
	EndGlobalSection
EndGlobal
