
Microsoft Visual Studio Solution File, Format Version 12.00
# Visual Studio Version 16
VisualStudioVersion = 16.0.31321.278
MinimumVisualStudioVersion = 10.0.40219.1
Project("{FAE04EC0-301F-11D3-BF4B-00C04F79EFBC}") = "WinUI", "WinUI\WinUI.csproj", "{3A2403BA-E4D5-486D-BC93-B8393A84A49A}"
EndProject
Project("{FAE04EC0-301F-11D3-BF4B-00C04F79EFBC}") = "CelsiusToFahrenheitClassLibrary", "CelsiusToFahrenheitClassLibrary\CelsiusToFahrenheitClassLibrary.csproj", "{A0EAF7D8-788B-44D6-B984-E19CAF45B9BF}"
EndProject
Global
	GlobalSection(SolutionConfigurationPlatforms) = preSolution
		Debug|Any CPU = Debug|Any CPU
		Release|Any CPU = Release|Any CPU
	EndGlobalSection
	GlobalSection(ProjectConfigurationPlatforms) = postSolution
		{3A2403BA-E4D5-486D-BC93-B8393A84A49A}.Debug|Any CPU.ActiveCfg = Debug|Any CPU
		{3A2403BA-E4D5-486D-BC93-B8393A84A49A}.Debug|Any CPU.Build.0 = Debug|Any CPU
		{3A2403BA-E4D5-486D-BC93-B8393A84A49A}.Release|Any CPU.ActiveCfg = Release|Any CPU
		{3A2403BA-E4D5-486D-BC93-B8393A84A49A}.Release|Any CPU.Build.0 = Release|Any CPU
		{A0EAF7D8-788B-44D6-B984-E19CAF45B9BF}.Debug|Any CPU.ActiveCfg = Debug|Any CPU
		{A0EAF7D8-788B-44D6-B984-E19CAF45B9BF}.Debug|Any CPU.Build.0 = Debug|Any CPU
		{A0EAF7D8-788B-44D6-B984-E19CAF45B9BF}.Release|Any CPU.ActiveCfg = Release|Any CPU
		{A0EAF7D8-788B-44D6-B984-E19CAF45B9BF}.Release|Any CPU.Build.0 = Release|Any CPU
	EndGlobalSection
	GlobalSection(SolutionProperties) = preSolution
		HideSolutionNode = FALSE
	EndGlobalSection
	GlobalSection(ExtensibilityGlobals) = postSolution
		SolutionGuid = {32B578DF-8991-4E33-8533-EEA0234A1FC0}
	EndGlobalSection
EndGlobal
