
Microsoft Visual Studio Solution File, Format Version 12.00
# Visual Studio Version 16
VisualStudioVersion = 16.0.31321.278
MinimumVisualStudioVersion = 10.0.40219.1
Project("{FAE04EC0-301F-11D3-BF4B-00C04F79EFBC}") = "WinUI", "WinUI\WinUI.csproj", "{0DCE5370-C8FB-4DA1-8167-06AEC8DDF448}"
EndProject
Project("{FAE04EC0-301F-11D3-BF4B-00C04F79EFBC}") = "RandomNumberFileReaderClassLibrary", "RandomNumberFileReaderClassLibrary\RandomNumberFileReaderClassLibrary.csproj", "{BD555EAD-AF10-42FD-B26A-F5BBDB92F921}"
EndProject
Global
	GlobalSection(SolutionConfigurationPlatforms) = preSolution
		Debug|Any CPU = Debug|Any CPU
		Release|Any CPU = Release|Any CPU
	EndGlobalSection
	GlobalSection(ProjectConfigurationPlatforms) = postSolution
		{0DCE5370-C8FB-4DA1-8167-06AEC8DDF448}.Debug|Any CPU.ActiveCfg = Debug|Any CPU
		{0DCE5370-C8FB-4DA1-8167-06AEC8DDF448}.Debug|Any CPU.Build.0 = Debug|Any CPU
		{0DCE5370-C8FB-4DA1-8167-06AEC8DDF448}.Release|Any CPU.ActiveCfg = Release|Any CPU
		{0DCE5370-C8FB-4DA1-8167-06AEC8DDF448}.Release|Any CPU.Build.0 = Release|Any CPU
		{BD555EAD-AF10-42FD-B26A-F5BBDB92F921}.Debug|Any CPU.ActiveCfg = Debug|Any CPU
		{BD555EAD-AF10-42FD-B26A-F5BBDB92F921}.Debug|Any CPU.Build.0 = Debug|Any CPU
		{BD555EAD-AF10-42FD-B26A-F5BBDB92F921}.Release|Any CPU.ActiveCfg = Release|Any CPU
		{BD555EAD-AF10-42FD-B26A-F5BBDB92F921}.Release|Any CPU.Build.0 = Release|Any CPU
	EndGlobalSection
	GlobalSection(SolutionProperties) = preSolution
		HideSolutionNode = FALSE
	EndGlobalSection
	GlobalSection(ExtensibilityGlobals) = postSolution
		SolutionGuid = {F438F726-CAD7-42AE-A333-34F27A6272F4}
	EndGlobalSection
EndGlobal
