
Microsoft Visual Studio Solution File, Format Version 12.00
# Visual Studio Version 16
VisualStudioVersion = 16.0.31702.278
MinimumVisualStudioVersion = 10.0.40219.1
Project("{FAE04EC0-301F-11D3-BF4B-00C04F79EFBC}") = "WinUI", "WinUI\WinUI.csproj", "{846083BE-8F07-40C0-9AA3-7762FEC33264}"
EndProject
Project("{FAE04EC0-301F-11D3-BF4B-00C04F79EFBC}") = "StringExtensionMethodsLib", "StringExtensionMethodsLib\StringExtensionMethodsLib.csproj", "{0F3EE920-D159-4472-924B-AC39987B7143}"
EndProject
Global
	GlobalSection(SolutionConfigurationPlatforms) = preSolution
		Debug|Any CPU = Debug|Any CPU
		Release|Any CPU = Release|Any CPU
	EndGlobalSection
	GlobalSection(ProjectConfigurationPlatforms) = postSolution
		{846083BE-8F07-40C0-9AA3-7762FEC33264}.Debug|Any CPU.ActiveCfg = Debug|Any CPU
		{846083BE-8F07-40C0-9AA3-7762FEC33264}.Debug|Any CPU.Build.0 = Debug|Any CPU
		{846083BE-8F07-40C0-9AA3-7762FEC33264}.Release|Any CPU.ActiveCfg = Release|Any CPU
		{846083BE-8F07-40C0-9AA3-7762FEC33264}.Release|Any CPU.Build.0 = Release|Any CPU
		{0F3EE920-D159-4472-924B-AC39987B7143}.Debug|Any CPU.ActiveCfg = Debug|Any CPU
		{0F3EE920-D159-4472-924B-AC39987B7143}.Debug|Any CPU.Build.0 = Debug|Any CPU
		{0F3EE920-D159-4472-924B-AC39987B7143}.Release|Any CPU.ActiveCfg = Release|Any CPU
		{0F3EE920-D159-4472-924B-AC39987B7143}.Release|Any CPU.Build.0 = Release|Any CPU
	EndGlobalSection
	GlobalSection(SolutionProperties) = preSolution
		HideSolutionNode = FALSE
	EndGlobalSection
	GlobalSection(ExtensibilityGlobals) = postSolution
		SolutionGuid = {7F8CB5BC-C784-435F-9C2E-B7955C81F85E}
	EndGlobalSection
EndGlobal
