
Microsoft Visual Studio Solution File, Format Version 12.00
# Visual Studio Version 16
VisualStudioVersion = 16.0.31005.135
MinimumVisualStudioVersion = 10.0.40219.1
Project("{FAE04EC0-301F-11D3-BF4B-00C04F79EFBC}") = "WinUI", "WinUI\WinUI.csproj", "{3EBFF2FA-A785-4634-82A0-BAA6E79AB1C1}"
EndProject
Project("{FAE04EC0-301F-11D3-BF4B-00C04F79EFBC}") = "MostFrequentCharacterClassLibrary", "MostFrequentCharacterClassLibrary\MostFrequentCharacterClassLibrary.csproj", "{C9DFDE9D-DE4F-4BCA-B882-BE3EC843FB38}"
EndProject
Global
	GlobalSection(SolutionConfigurationPlatforms) = preSolution
		Debug|Any CPU = Debug|Any CPU
		Release|Any CPU = Release|Any CPU
	EndGlobalSection
	GlobalSection(ProjectConfigurationPlatforms) = postSolution
		{3EBFF2FA-A785-4634-82A0-BAA6E79AB1C1}.Debug|Any CPU.ActiveCfg = Debug|Any CPU
		{3EBFF2FA-A785-4634-82A0-BAA6E79AB1C1}.Debug|Any CPU.Build.0 = Debug|Any CPU
		{3EBFF2FA-A785-4634-82A0-BAA6E79AB1C1}.Release|Any CPU.ActiveCfg = Release|Any CPU
		{3EBFF2FA-A785-4634-82A0-BAA6E79AB1C1}.Release|Any CPU.Build.0 = Release|Any CPU
		{C9DFDE9D-DE4F-4BCA-B882-BE3EC843FB38}.Debug|Any CPU.ActiveCfg = Debug|Any CPU
		{C9DFDE9D-DE4F-4BCA-B882-BE3EC843FB38}.Debug|Any CPU.Build.0 = Debug|Any CPU
		{C9DFDE9D-DE4F-4BCA-B882-BE3EC843FB38}.Release|Any CPU.ActiveCfg = Release|Any CPU
		{C9DFDE9D-DE4F-4BCA-B882-BE3EC843FB38}.Release|Any CPU.Build.0 = Release|Any CPU
	EndGlobalSection
	GlobalSection(SolutionProperties) = preSolution
		HideSolutionNode = FALSE
	EndGlobalSection
	GlobalSection(ExtensibilityGlobals) = postSolution
		SolutionGuid = {43A6B28F-6366-4C80-B74B-2717C8FC9DF2}
	EndGlobalSection
EndGlobal
