
Microsoft Visual Studio Solution File, Format Version 12.00
# Visual Studio Version 16
VisualStudioVersion = 16.0.31321.278
MinimumVisualStudioVersion = 10.0.40219.1
Project("{FAE04EC0-301F-11D3-BF4B-00C04F79EFBC}") = "WinUI", "WinUI\WinUI.csproj", "{B8807051-FEA0-4141-B93A-80F9F0C7E0C1}"
EndProject
Project("{FAE04EC0-301F-11D3-BF4B-00C04F79EFBC}") = "WriteClassInformationClassLibrary", "WriteClassInformationClassLibrary\WriteClassInformationClassLibrary.csproj", "{987982F8-1264-49F8-AC60-B0C91BE9E16E}"
EndProject
Global
	GlobalSection(SolutionConfigurationPlatforms) = preSolution
		Debug|Any CPU = Debug|Any CPU
		Release|Any CPU = Release|Any CPU
	EndGlobalSection
	GlobalSection(ProjectConfigurationPlatforms) = postSolution
		{B8807051-FEA0-4141-B93A-80F9F0C7E0C1}.Debug|Any CPU.ActiveCfg = Debug|Any CPU
		{B8807051-FEA0-4141-B93A-80F9F0C7E0C1}.Debug|Any CPU.Build.0 = Debug|Any CPU
		{B8807051-FEA0-4141-B93A-80F9F0C7E0C1}.Release|Any CPU.ActiveCfg = Release|Any CPU
		{B8807051-FEA0-4141-B93A-80F9F0C7E0C1}.Release|Any CPU.Build.0 = Release|Any CPU
		{987982F8-1264-49F8-AC60-B0C91BE9E16E}.Debug|Any CPU.ActiveCfg = Debug|Any CPU
		{987982F8-1264-49F8-AC60-B0C91BE9E16E}.Debug|Any CPU.Build.0 = Debug|Any CPU
		{987982F8-1264-49F8-AC60-B0C91BE9E16E}.Release|Any CPU.ActiveCfg = Release|Any CPU
		{987982F8-1264-49F8-AC60-B0C91BE9E16E}.Release|Any CPU.Build.0 = Release|Any CPU
	EndGlobalSection
	GlobalSection(SolutionProperties) = preSolution
		HideSolutionNode = FALSE
	EndGlobalSection
	GlobalSection(ExtensibilityGlobals) = postSolution
		SolutionGuid = {A4629CAE-D3EF-4987-9F26-9FBC1D1B005F}
	EndGlobalSection
EndGlobal
